// !$*UTF8*$!
{
	archiveVersion = 1;
	classes = {
	};
	objectVersion = 46;
	objects = {

/* Begin PBXBuildFile section */
		40A1316918D75B26004C3D3E /* Foundation.framework in Frameworks */ = {isa = PBXBuildFile; fileRef = 40A1316818D75B26004C3D3E /* Foundation.framework */; };
		40A1316B18D75B26004C3D3E /* CoreGraphics.framework in Frameworks */ = {isa = PBXBuildFile; fileRef = 40A1316A18D75B26004C3D3E /* CoreGraphics.framework */; };
		40A1316D18D75B26004C3D3E /* UIKit.framework in Frameworks */ = {isa = PBXBuildFile; fileRef = 40A1316C18D75B26004C3D3E /* UIKit.framework */; };
		40A1317318D75B26004C3D3E /* InfoPlist.strings in Resources */ = {isa = PBXBuildFile; fileRef = 40A1317118D75B26004C3D3E /* InfoPlist.strings */; };
		40A1317518D75B26004C3D3E /* main.m in Sources */ = {isa = PBXBuildFile; fileRef = 40A1317418D75B26004C3D3E /* main.m */; };
		40A1317918D75B26004C3D3E /* AppDelegate.m in Sources */ = {isa = PBXBuildFile; fileRef = 40A1317818D75B26004C3D3E /* AppDelegate.m */; };
		40A1317C18D75B26004C3D3E /* Main.storyboard in Resources */ = {isa = PBXBuildFile; fileRef = 40A1317A18D75B26004C3D3E /* Main.storyboard */; };
		40A1317F18D75B26004C3D3E /* ViewController.m in Sources */ = {isa = PBXBuildFile; fileRef = 40A1317E18D75B26004C3D3E /* ViewController.m */; };
		40A1318118D75B26004C3D3E /* Images.xcassets in Resources */ = {isa = PBXBuildFile; fileRef = 40A1318018D75B26004C3D3E /* Images.xcassets */; };
		40A1318818D75B26004C3D3E /* XCTest.framework in Frameworks */ = {isa = PBXBuildFile; fileRef = 40A1318718D75B26004C3D3E /* XCTest.framework */; };
		40A1318918D75B26004C3D3E /* Foundation.framework in Frameworks */ = {isa = PBXBuildFile; fileRef = 40A1316818D75B26004C3D3E /* Foundation.framework */; };
		40A1318A18D75B26004C3D3E /* UIKit.framework in Frameworks */ = {isa = PBXBuildFile; fileRef = 40A1316C18D75B26004C3D3E /* UIKit.framework */; };
		40A1319218D75B26004C3D3E /* InfoPlist.strings in Resources */ = {isa = PBXBuildFile; fileRef = 40A1319018D75B26004C3D3E /* InfoPlist.strings */; };
		40A1319418D75B26004C3D3E /* MoveImageTests.m in Sources */ = {isa = PBXBuildFile; fileRef = 40A1319318D75B26004C3D3E /* MoveImageTests.m */; };
/* End PBXBuildFile section */

/* Begin PBXContainerItemProxy section */
		40A1318B18D75B26004C3D3E /* PBXContainerItemProxy */ = {
			isa = PBXContainerItemProxy;
			containerPortal = 40A1315D18D75B26004C3D3E /* Project object */;
			proxyType = 1;
			remoteGlobalIDString = 40A1316418D75B26004C3D3E;
			remoteInfo = MoveImage;
		};
/* End PBXContainerItemProxy section */

/* Begin PBXFileReference section */
		40A1316518D75B26004C3D3E /* MoveImage.app */ = {isa = PBXFileReference; explicitFileType = wrapper.application; includeInIndex = 0; path = MoveImage.app; sourceTree = BUILT_PRODUCTS_DIR; };
		40A1316818D75B26004C3D3E /* Foundation.framework */ = {isa = PBXFileReference; lastKnownFileType = wrapper.framework; name = Foundation.framework; path = System/Library/Frameworks/Foundation.framework; sourceTree = SDKROOT; };
		40A1316A18D75B26004C3D3E /* CoreGraphics.framework */ = {isa = PBXFileReference; lastKnownFileType = wrapper.framework; name = CoreGraphics.framework; path = System/Library/Frameworks/CoreGraphics.framework; sourceTree = SDKROOT; };
		40A1316C18D75B26004C3D3E /* UIKit.framework */ = {isa = PBXFileReference; lastKnownFileType = wrapper.framework; name = UIKit.framework; path = System/Library/Frameworks/UIKit.framework; sourceTree = SDKROOT; };
		40A1317018D75B26004C3D3E /* MoveImage-Info.plist */ = {isa = PBXFileReference; lastKnownFileType = text.plist.xml; path = "MoveImage-Info.plist"; sourceTree = "<group>"; };
		40A1317218D75B26004C3D3E /* en */ = {isa = PBXFileReference; lastKnownFileType = text.plist.strings; name = en; path = en.lproj/InfoPlist.strings; sourceTree = "<group>"; };
		40A1317418D75B26004C3D3E /* main.m */ = {isa = PBXFileReference; lastKnownFileType = sourcecode.c.objc; path = main.m; sourceTree = "<group>"; };
		40A1317618D75B26004C3D3E /* MoveImage-Prefix.pch */ = {isa = PBXFileReference; lastKnownFileType = sourcecode.c.h; path = "MoveImage-Prefix.pch"; sourceTree = "<group>"; };
		40A1317718D75B26004C3D3E /* AppDelegate.h */ = {isa = PBXFileReference; lastKnownFileType = sourcecode.c.h; path = AppDelegate.h; sourceTree = "<group>"; };
		40A1317818D75B26004C3D3E /* AppDelegate.m */ = {isa = PBXFileReference; lastKnownFileType = sourcecode.c.objc; path = AppDelegate.m; sourceTree = "<group>"; };
		40A1317B18D75B26004C3D3E /* Base */ = {isa = PBXFileReference; lastKnownFileType = file.storyboard; name = Base; path = Base.lproj/Main.storyboard; sourceTree = "<group>"; };
		40A1317D18D75B26004C3D3E /* ViewController.h */ = {isa = PBXFileReference; lastKnownFileType = sourcecode.c.h; path = ViewController.h; sourceTree = "<group>"; };
		40A1317E18D75B26004C3D3E /* ViewController.m */ = {isa = PBXFileReference; lastKnownFileType = sourcecode.c.objc; path = ViewController.m; sourceTree = "<group>"; };
		40A1318018D75B26004C3D3E /* Images.xcassets */ = {isa = PBXFileReference; lastKnownFileType = folder.assetcatalog; path = Images.xcassets; sourceTree = "<group>"; };
		40A1318618D75B26004C3D3E /* MoveImageTests.xctest */ = {isa = PBXFileReference; explicitFileType = wrapper.cfbundle; includeInIndex = 0; path = MoveImageTests.xctest; sourceTree = BUILT_PRODUCTS_DIR; };
		40A1318718D75B26004C3D3E /* XCTest.framework */ = {isa = PBXFileReference; lastKnownFileType = wrapper.framework; name = XCTest.framework; path = Library/Frameworks/XCTest.framework; sourceTree = DEVELOPER_DIR; };
		40A1318F18D75B26004C3D3E /* MoveImageTests-Info.plist */ = {isa = PBXFileReference; lastKnownFileType = text.plist.xml; path = "MoveImageTests-Info.plist"; sourceTree = "<group>"; };
		40A1319118D75B26004C3D3E /* en */ = {isa = PBXFileReference; lastKnownFileType = text.plist.strings; name = en; path = en.lproj/InfoPlist.strings; sourceTree = "<group>"; };
		40A1319318D75B26004C3D3E /* MoveImageTests.m */ = {isa = PBXFileReference; lastKnownFileType = sourcecode.c.objc; path = MoveImageTests.m; sourceTree = "<group>"; };
/* End PBXFileReference section */

/* Begin PBXFrameworksBuildPhase section */
		40A1316218D75B26004C3D3E /* Frameworks */ = {
			isa = PBXFrameworksBuildPhase;
			buildActionMask = 2147483647;
			files = (
				40A1316B18D75B26004C3D3E /* CoreGraphics.framework in Frameworks */,
				40A1316D18D75B26004C3D3E /* UIKit.framework in Frameworks */,
				40A1316918D75B26004C3D3E /* Foundation.framework in Frameworks */,
			);
			runOnlyForDeploymentPostprocessing = 0;
		};
		40A1318318D75B26004C3D3E /* Frameworks */ = {
			isa = PBXFrameworksBuildPhase;
			buildActionMask = 2147483647;
			files = (
				40A1318818D75B26004C3D3E /* XCTest.framework in Frameworks */,
				40A1318A18D75B26004C3D3E /* UIKit.framework in Frameworks */,
				40A1318918D75B26004C3D3E /* Foundation.framework in Frameworks */,
			);
			runOnlyForDeploymentPostprocessing = 0;
		};
/* End PBXFrameworksBuildPhase section */

/* Begin PBXGroup section */
		40A1315C18D75B26004C3D3E = {
			isa = PBXGroup;
			children = (
				40A1316E18D75B26004C3D3E /* MoveImage */,
				40A1318D18D75B26004C3D3E /* MoveImageTests */,
				40A1316718D75B26004C3D3E /* Frameworks */,
				40A1316618D75B26004C3D3E /* Products */,
			);
			sourceTree = "<group>";
		};
		40A1316618D75B26004C3D3E /* Products */ = {
			isa = PBXGroup;
			children = (
				40A1316518D75B26004C3D3E /* MoveImage.app */,
				40A1318618D75B26004C3D3E /* MoveImageTests.xctest */,
			);
			name = Products;
			sourceTree = "<group>";
		};
		40A1316718D75B26004C3D3E /* Frameworks */ = {
			isa = PBXGroup;
			children = (
				40A1316818D75B26004C3D3E /* Foundation.framework */,
				40A1316A18D75B26004C3D3E /* CoreGraphics.framework */,
				40A1316C18D75B26004C3D3E /* UIKit.framework */,
				40A1318718D75B26004C3D3E /* XCTest.framework */,
			);
			name = Frameworks;
			sourceTree = "<group>";
		};
		40A1316E18D75B26004C3D3E /* MoveImage */ = {
			isa = PBXGroup;
			children = (
				40A1317718D75B26004C3D3E /* AppDelegate.h */,
				40A1317818D75B26004C3D3E /* AppDelegate.m */,
				40A1317A18D75B26004C3D3E /* Main.storyboard */,
				40A1317D18D75B26004C3D3E /* ViewController.h */,
				40A1317E18D75B26004C3D3E /* ViewController.m */,
				40A1318018D75B26004C3D3E /* Images.xcassets */,
				40A1316F18D75B26004C3D3E /* Supporting Files */,
			);
			path = MoveImage;
			sourceTree = "<group>";
		};
		40A1316F18D75B26004C3D3E /* Supporting Files */ = {
			isa = PBXGroup;
			children = (
				40A1317018D75B26004C3D3E /* MoveImage-Info.plist */,
				40A1317118D75B26004C3D3E /* InfoPlist.strings */,
				40A1317418D75B26004C3D3E /* main.m */,
				40A1317618D75B26004C3D3E /* MoveImage-Prefix.pch */,
			);
			name = "Supporting Files";
			sourceTree = "<group>";
		};
		40A1318D18D75B26004C3D3E /* MoveImageTests */ = {
			isa = PBXGroup;
			children = (
				40A1319318D75B26004C3D3E /* MoveImageTests.m */,
				40A1318E18D75B26004C3D3E /* Supporting Files */,
			);
			path = MoveImageTests;
			sourceTree = "<group>";
		};
		40A1318E18D75B26004C3D3E /* Supporting Files */ = {
			isa = PBXGroup;
			children = (
				40A1318F18D75B26004C3D3E /* MoveImageTests-Info.plist */,
				40A1319018D75B26004C3D3E /* InfoPlist.strings */,
			);
			name = "Supporting Files";
			sourceTree = "<group>";
		};
/* End PBXGroup section */

/* Begin PBXNativeTarget section */
		40A1316418D75B26004C3D3E /* MoveImage */ = {
			isa = PBXNativeTarget;
			buildConfigurationList = 40A1319718D75B26004C3D3E /* Build configuration list for PBXNativeTarget "MoveImage" */;
			buildPhases = (
				40A1316118D75B26004C3D3E /* Sources */,
				40A1316218D75B26004C3D3E /* Frameworks */,
				40A1316318D75B26004C3D3E /* Resources */,
			);
			buildRules = (
			);
			dependencies = (
			);
			name = MoveImage;
			productName = MoveImage;
			productReference = 40A1316518D75B26004C3D3E /* MoveImage.app */;
			productType = "com.apple.product-type.application";
		};
		40A1318518D75B26004C3D3E /* MoveImageTests */ = {
			isa = PBXNativeTarget;
			buildConfigurationList = 40A1319A18D75B26004C3D3E /* Build configuration list for PBXNativeTarget "MoveImageTests" */;
			buildPhases = (
				40A1318218D75B26004C3D3E /* Sources */,
				40A1318318D75B26004C3D3E /* Frameworks */,
				40A1318418D75B26004C3D3E /* Resources */,
			);
			buildRules = (
			);
			dependencies = (
				40A1318C18D75B26004C3D3E /* PBXTargetDependency */,
			);
			name = MoveImageTests;
			productName = MoveImageTests;
			productReference = 40A1318618D75B26004C3D3E /* MoveImageTests.xctest */;
			productType = "com.apple.product-type.bundle.unit-test";
		};
/* End PBXNativeTarget section */

/* Begin PBXProject section */
		40A1315D18D75B26004C3D3E /* Project object */ = {
			isa = PBXProject;
			attributes = {
				LastUpgradeCheck = 0510;
				ORGANIZATIONNAME = Xchobo;
				TargetAttributes = {
					40A1318518D75B26004C3D3E = {
						TestTargetID = 40A1316418D75B26004C3D3E;
					};
				};
			};
			buildConfigurationList = 40A1316018D75B26004C3D3E /* Build configuration list for PBXProject "MoveImage" */;
			compatibilityVersion = "Xcode 3.2";
			developmentRegion = English;
			hasScannedForEncodings = 0;
			knownRegions = (
				en,
				Base,
			);
			mainGroup = 40A1315C18D75B26004C3D3E;
			productRefGroup = 40A1316618D75B26004C3D3E /* Products */;
			projectDirPath = "";
			projectRoot = "";
			targets = (
				40A1316418D75B26004C3D3E /* MoveImage */,
				40A1318518D75B26004C3D3E /* MoveImageTests */,
			);
		};
/* End PBXProject section */

/* Begin PBXResourcesBuildPhase section */
		40A1316318D75B26004C3D3E /* Resources */ = {
			isa = PBXResourcesBuildPhase;
			buildActionMask = 2147483647;
			files = (
				40A1318118D75B26004C3D3E /* Images.xcassets in Resources */,
				40A1317318D75B26004C3D3E /* InfoPlist.strings in Resources */,
				40A1317C18D75B26004C3D3E /* Main.storyboard in Resources */,
			);
			runOnlyForDeploymentPostprocessing = 0;
		};
		40A1318418D75B26004C3D3E /* Resources */ = {
			isa = PBXResourcesBuildPhase;
			buildActionMask = 2147483647;
			files = (
				40A1319218D75B26004C3D3E /* InfoPlist.strings in Resources */,
			);
			runOnlyForDeploymentPostprocessing = 0;
		};
/* End PBXResourcesBuildPhase section */

/* Begin PBXSourcesBuildPhase section */
		40A1316118D75B26004C3D3E /* Sources */ = {
			isa = PBXSourcesBuildPhase;
			buildActionMask = 2147483647;
			files = (
				40A1317F18D75B26004C3D3E /* ViewController.m in Sources */,
				40A1317918D75B26004C3D3E /* AppDelegate.m in Sources */,
				40A1317518D75B26004C3D3E /* main.m in Sources */,
			);
			runOnlyForDeploymentPostprocessing = 0;
		};
		40A1318218D75B26004C3D3E /* Sources */ = {
			isa = PBXSourcesBuildPhase;
			buildActionMask = 2147483647;
			files = (
				40A1319418D75B26004C3D3E /* MoveImageTests.m in Sources */,
			);
			runOnlyForDeploymentPostprocessing = 0;
		};
/* End PBXSourcesBuildPhase section */

/* Begin PBXTargetDependency section */
		40A1318C18D75B26004C3D3E /* PBXTargetDependency */ = {
			isa = PBXTargetDependency;
			target = 40A1316418D75B26004C3D3E /* MoveImage */;
			targetProxy = 40A1318B18D75B26004C3D3E /* PBXContainerItemProxy */;
		};
/* End PBXTargetDependency section */

/* Begin PBXVariantGroup section */
		40A1317118D75B26004C3D3E /* InfoPlist.strings */ = {
			isa = PBXVariantGroup;
			children = (
				40A1317218D75B26004C3D3E /* en */,
			);
			name = InfoPlist.strings;
			sourceTree = "<group>";
		};
		40A1317A18D75B26004C3D3E /* Main.storyboard */ = {
			isa = PBXVariantGroup;
			children = (
				40A1317B18D75B26004C3D3E /* Base */,
			);
			name = Main.storyboard;
			sourceTree = "<group>";
		};
		40A1319018D75B26004C3D3E /* InfoPlist.strings */ = {
			isa = PBXVariantGroup;
			children = (
				40A1319118D75B26004C3D3E /* en */,
			);
			name = InfoPlist.strings;
			sourceTree = "<group>";
		};
/* End PBXVariantGroup section */

/* Begin XCBuildConfiguration section */
		40A1319518D75B26004C3D3E /* Debug */ = {
			isa = XCBuildConfiguration;
			buildSettings = {
				ALWAYS_SEARCH_USER_PATHS = NO;
				CLANG_CXX_LANGUAGE_STANDARD = "gnu++0x";
				CLANG_CXX_LIBRARY = "libc++";
				CLANG_ENABLE_MODULES = YES;
				CLANG_ENABLE_OBJC_ARC = YES;
				CLANG_WARN_BOOL_CONVERSION = YES;
				CLANG_WARN_CONSTANT_CONVERSION = YES;
				CLANG_WARN_DIRECT_OBJC_ISA_USAGE = YES_ERROR;
				CLANG_WARN_EMPTY_BODY = YES;
				CLANG_WARN_ENUM_CONVERSION = YES;
				CLANG_WARN_INT_CONVERSION = YES;
				CLANG_WARN_OBJC_ROOT_CLASS = YES_ERROR;
				CLANG_WARN__DUPLICATE_METHOD_MATCH = YES;
				"CODE_SIGN_IDENTITY[sdk=iphoneos*]" = "iPhone Developer";
				COPY_PHASE_STRIP = NO;
				GCC_C_LANGUAGE_STANDARD = gnu99;
				GCC_DYNAMIC_NO_PIC = NO;
				GCC_OPTIMIZATION_LEVEL = 0;
				GCC_PREPROCESSOR_DEFINITIONS = (
					"DEBUG=1",
					"$(inherited)",
				);
				GCC_SYMBOLS_PRIVATE_EXTERN = NO;
				GCC_WARN_64_TO_32_BIT_CONVERSION = YES;
				GCC_WARN_ABOUT_RETURN_TYPE = YES_ERROR;
				GCC_WARN_UNDECLARED_SELECTOR = YES;
				GCC_WARN_UNINITIALIZED_AUTOS = YES_AGGRESSIVE;
				GCC_WARN_UNUSED_FUNCTION = YES;
				GCC_WARN_UNUSED_VARIABLE = YES;
				IPHONEOS_DEPLOYMENT_TARGET = 7.1;
				ONLY_ACTIVE_ARCH = YES;
				SDKROOT = iphoneos;
			};
			name = Debug;
		};
		40A1319618D75B26004C3D3E /* Release */ = {
			isa = XCBuildConfiguration;
			buildSettings = {
				ALWAYS_SEARCH_USER_PATHS = NO;
				CLANG_CXX_LANGUAGE_STANDARD = "gnu++0x";
				CLANG_CXX_LIBRARY = "libc++";
				CLANG_ENABLE_MODULES = YES;
				CLANG_ENABLE_OBJC_ARC = YES;
				CLANG_WARN_BOOL_CONVERSION = YES;
				CLANG_WARN_CONSTANT_CONVERSION = YES;
				CLANG_WARN_DIRECT_OBJC_ISA_USAGE = YES_ERROR;
				CLANG_WARN_EMPTY_BODY = YES;
				CLANG_WARN_ENUM_CONVERSION = YES;
				CLANG_WARN_INT_CONVERSION = YES;
				CLANG_WARN_OBJC_ROOT_CLASS = YES_ERROR;
				CLANG_WARN__DUPLICATE_METHOD_MATCH = YES;
				"CODE_SIGN_IDENTITY[sdk=iphoneos*]" = "iPhone Developer";
				COPY_PHASE_STRIP = YES;
				ENABLE_NS_ASSERTIONS = NO;
				GCC_C_LANGUAGE_STANDARD = gnu99;
				GCC_WARN_64_TO_32_BIT_CONVERSION = YES;
				GCC_WARN_ABOUT_RETURN_TYPE = YES_ERROR;
				GCC_WARN_UNDECLARED_SELECTOR = YES;
				GCC_WARN_UNINITIALIZED_AUTOS = YES_AGGRESSIVE;
				GCC_WARN_UNUSED_FUNCTION = YES;
				GCC_WARN_UNUSED_VARIABLE = YES;
				IPHONEOS_DEPLOYMENT_TARGET = 7.1;
				SDKROOT = iphoneos;
				VALIDATE_PRODUCT = YES;
			};
			name = Release;
		};
		40A1319818D75B26004C3D3E /* Debug */ = {
			isa = XCBuildConfiguration;
			buildSettings = {
				ASSETCATALOG_COMPILER_APPICON_NAME = AppIcon;
				ASSETCATALOG_COMPILER_LAUNCHIMAGE_NAME = LaunchImage;
				GCC_PRECOMPILE_PREFIX_HEADER = YES;
				GCC_PREFIX_HEADER = "MoveImage/MoveImage-Prefix.pch";
				INFOPLIST_FILE = "MoveImage/MoveImage-Info.plist";
				PRODUCT_NAME = "$(TARGET_NAME)";
				WRAPPER_EXTENSION = app;
			};
			name = Debug;
		};
		40A1319918D75B26004C3D3E /* Release */ = {
			isa = XCBuildConfiguration;
			buildSettings = {
				ASSETCATALOG_COMPILER_APPICON_NAME = AppIcon;
				ASSETCATALOG_COMPILER_LAUNCHIMAGE_NAME = LaunchImage;
				GCC_PRECOMPILE_PREFIX_HEADER = YES;
				GCC_PREFIX_HEADER = "MoveImage/MoveImage-Prefix.pch";
				INFOPLIST_FILE = "MoveImage/MoveImage-Info.plist";
				PRODUCT_NAME = "$(TARGET_NAME)";
				WRAPPER_EXTENSION = app;
			};
			name = Release;
		};
		40A1319B18D75B26004C3D3E /* Debug */ = {
			isa = XCBuildConfiguration;
			buildSettings = {
				BUNDLE_LOADER = "$(BUILT_PRODUCTS_DIR)/MoveImage.app/MoveImage";
				FRAMEWORK_SEARCH_PATHS = (
					"$(SDKROOT)/Developer/Library/Frameworks",
					"$(inherited)",
					"$(DEVELOPER_FRAMEWORKS_DIR)",
				);
				GCC_PRECOMPILE_PREFIX_HEADER = YES;
				GCC_PREFIX_HEADER = "MoveImage/MoveImage-Prefix.pch";
				GCC_PREPROCESSOR_DEFINITIONS = (
					"DEBUG=1",
					"$(inherited)",
				);
				INFOPLIST_FILE = "MoveImageTests/MoveImageTests-Info.plist";
				PRODUCT_NAME = "$(TARGET_NAME)";
				TEST_HOST = "$(BUNDLE_LOADER)";
				WRAPPER_EXTENSION = xctest;
			};
			name = Debug;
		};
		40A1319C18D75B26004C3D3E /* Release */ = {
			isa = XCBuildConfiguration;
			buildSettings = {
				BUNDLE_LOADER = "$(BUILT_PRODUCTS_DIR)/MoveImage.app/MoveImage";
				FRAMEWORK_SEARCH_PATHS = (
					"$(SDKROOT)/Developer/Library/Frameworks",
					"$(inherited)",
					"$(DEVELOPER_FRAMEWORKS_DIR)",
				);
				GCC_PRECOMPILE_PREFIX_HEADER = YES;
				GCC_PREFIX_HEADER = "MoveImage/MoveImage-Prefix.pch";
				INFOPLIST_FILE = "MoveImageTests/MoveImageTests-Info.plist";
				PRODUCT_NAME = "$(TARGET_NAME)";
				TEST_HOST = "$(BUNDLE_LOADER)";
				WRAPPER_EXTENSION = xctest;
			};
			name = Release;
		};
/* End XCBuildConfiguration section */

/* Begin XCConfigurationList section */
		40A1316018D75B26004C3D3E /* Build configuration list for PBXProject "MoveImage" */ = {
			isa = XCConfigurationList;
			buildConfigurations = (
				40A1319518D75B26004C3D3E /* Debug */,
				40A1319618D75B26004C3D3E /* Release */,
			);
			defaultConfigurationIsVisible = 0;
			defaultConfigurationName = Release;
		};
		40A1319718D75B26004C3D3E /* Build configuration list for PBXNativeTarget "MoveImage" */ = {
			isa = XCConfigurationList;
			buildConfigurations = (
				40A1319818D75B26004C3D3E /* Debug */,
				40A1319918D75B26004C3D3E /* Release */,
			);
			defaultConfigurationIsVisible = 0;
		};
		40A1319A18D75B26004C3D3E /* Build configuration list for PBXNativeTarget "MoveImageTests" */ = {
			isa = XCConfigurationList;
			buildConfigurations = (
				40A1319B18D75B26004C3D3E /* Debug */,
				40A1319C18D75B26004C3D3E /* Release */,
			);
			defaultConfigurationIsVisible = 0;
		};
/* End XCConfigurationList section */
	};
	rootObject = 40A1315D18D75B26004C3D3E /* Project object */;
}
